
Microsoft Visual Studio Solution File, Format Version 12.00
# Visual Studio Version 17
VisualStudioVersion = 17.1.32421.90
MinimumVisualStudioVersion = 10.0.40219.1
Project("{9A19103F-16F7-4668-BE54-9A1E7A4F7556}") = "ShortenerAPI", "ShortenerAPI\ShortenerAPI.csproj", "{F4784979-473C-477F-8271-315073AA6A11}"
EndProject
Project("{FAE04EC0-301F-11D3-BF4B-00C04F79EFBC}") = "ShortenerAPI.Tests", "ShortenerAPI.Tests\ShortenerAPI.Tests.csproj", "{B294D168-B234-402D-91E1-FE2D8446AA1B}"
EndProject
Global
	GlobalSection(SolutionConfigurationPlatforms) = preSolution
		Debug|Any CPU = Debug|Any CPU
		Release|Any CPU = Release|Any CPU
	EndGlobalSection
	GlobalSection(ProjectConfigurationPlatforms) = postSolution
		{F4784979-473C-477F-8271-315073AA6A11}.Debug|Any CPU.ActiveCfg = Debug|Any CPU
		{F4784979-473C-477F-8271-315073AA6A11}.Debug|Any CPU.Build.0 = Debug|Any CPU
		{F4784979-473C-477F-8271-315073AA6A11}.Release|Any CPU.ActiveCfg = Release|Any CPU
		{F4784979-473C-477F-8271-315073AA6A11}.Release|Any CPU.Build.0 = Release|Any CPU
		{B294D168-B234-402D-91E1-FE2D8446AA1B}.Debug|Any CPU.ActiveCfg = Debug|Any CPU
		{B294D168-B234-402D-91E1-FE2D8446AA1B}.Debug|Any CPU.Build.0 = Debug|Any CPU
		{B294D168-B234-402D-91E1-FE2D8446AA1B}.Release|Any CPU.ActiveCfg = Release|Any CPU
		{B294D168-B234-402D-91E1-FE2D8446AA1B}.Release|Any CPU.Build.0 = Release|Any CPU
	EndGlobalSection
	GlobalSection(SolutionProperties) = preSolution
		HideSolutionNode = FALSE
	EndGlobalSection
	GlobalSection(ExtensibilityGlobals) = postSolution
		SolutionGuid = {9796F4FB-C86B-4BD1-9FAA-4691B277BBBA}
	EndGlobalSection
EndGlobal
